
Microsoft Visual Studio Solution File, Format Version 12.00
# Visual Studio Version 17
VisualStudioVersion = 17.8.34330.188
MinimumVisualStudioVersion = 10.0.40219.1
Project("{FAE04EC0-301F-11D3-BF4B-00C04F79EFBC}") = "ClassLibrary1", "ClassLibrary1\ClassLibrary1.csproj", "{1E626B95-1090-4B88-A9E3-4F2A5424497A}"
EndProject
Global
	GlobalSection(SolutionConfigurationPlatforms) = preSolution
		Debug|Any CPU = Debug|Any CPU
		Release|Any CPU = Release|Any CPU
	EndGlobalSection
	GlobalSection(ProjectConfigurationPlatforms) = postSolution
		{1E626B95-1090-4B88-A9E3-4F2A5424497A}.Debug|Any CPU.ActiveCfg = Debug|Any CPU
		{1E626B95-1090-4B88-A9E3-4F2A5424497A}.Debug|Any CPU.Build.0 = Debug|Any CPU
		{1E626B95-1090-4B88-A9E3-4F2A5424497A}.Release|Any CPU.ActiveCfg = Release|Any CPU
		{1E626B95-1090-4B88-A9E3-4F2A5424497A}.Release|Any CPU.Build.0 = Release|Any CPU
	EndGlobalSection
	GlobalSection(SolutionProperties) = preSolution
		HideSolutionNode = FALSE
	EndGlobalSection
	GlobalSection(ExtensibilityGlobals) = postSolution
		SolutionGuid = {0EEA3D35-F7D2-44C6-AE58-8C4BF9331355}
	EndGlobalSection
EndGlobal
